{
  "originHash" : "bef223853706517958541f2791faea0c07409e3d24912b65ec877dd7c4d632a0",
  "pins" : [
    {
      "identity" : "networkimage",
      "kind" : "remoteSourceControl",
      "location" : "https://github.com/DePasqualeOrg/NetworkImage",
      "state" : {
        "branch" : "improve-concurrency",
        "revision" : "311ef5bc0d9cd001121f5c19265bcd514d0cef63"
      }
    },
    {
      "identity" : "swift-snapshot-testing",
      "kind" : "remoteSourceControl",
      "location" : "https://github.com/pointfreeco/swift-snapshot-testing",
      "state" : {
        "revision" : "26ed3a2b4a2df47917ca9b790a57f91285b923fb",
        "version" : "1.12.0"
      }
    }
  ],
  "version" : 3
}
